
Microsoft Visual Studio Solution File, Format Version 12.00
# Visual Studio Version 17
VisualStudioVersion = 17.8.34309.116
MinimumVisualStudioVersion = 10.0.40219.1
Project("{FAE04EC0-301F-11D3-BF4B-00C04F79EFBC}") = "libaryManagement", "libaryManagement\libaryManagement.csproj", "{5EB8D9F8-B4AB-48CB-91A1-A9B5EA51D53B}"
EndProject
Project("{FAE04EC0-301F-11D3-BF4B-00C04F79EFBC}") = "libaryService", "libaryService\libaryService.csproj", "{39B858B7-B8B2-48FE-9462-6010A34C2D3B}"
EndProject
Project("{FAE04EC0-301F-11D3-BF4B-00C04F79EFBC}") = "LibaryRepository", "LibaryRepository\LibaryRepository.csproj", "{CFFCF53A-4AC3-4B7C-ACA5-050CB4BEC7E2}"
EndProject
Global
	GlobalSection(SolutionConfigurationPlatforms) = preSolution
		Debug|Any CPU = Debug|Any CPU
		Release|Any CPU = Release|Any CPU
	EndGlobalSection
	GlobalSection(ProjectConfigurationPlatforms) = postSolution
		{5EB8D9F8-B4AB-48CB-91A1-A9B5EA51D53B}.Debug|Any CPU.ActiveCfg = Debug|Any CPU
		{5EB8D9F8-B4AB-48CB-91A1-A9B5EA51D53B}.Debug|Any CPU.Build.0 = Debug|Any CPU
		{5EB8D9F8-B4AB-48CB-91A1-A9B5EA51D53B}.Release|Any CPU.ActiveCfg = Release|Any CPU
		{5EB8D9F8-B4AB-48CB-91A1-A9B5EA51D53B}.Release|Any CPU.Build.0 = Release|Any CPU
		{39B858B7-B8B2-48FE-9462-6010A34C2D3B}.Debug|Any CPU.ActiveCfg = Debug|Any CPU
		{39B858B7-B8B2-48FE-9462-6010A34C2D3B}.Debug|Any CPU.Build.0 = Debug|Any CPU
		{39B858B7-B8B2-48FE-9462-6010A34C2D3B}.Release|Any CPU.ActiveCfg = Release|Any CPU
		{39B858B7-B8B2-48FE-9462-6010A34C2D3B}.Release|Any CPU.Build.0 = Release|Any CPU
		{CFFCF53A-4AC3-4B7C-ACA5-050CB4BEC7E2}.Debug|Any CPU.ActiveCfg = Debug|Any CPU
		{CFFCF53A-4AC3-4B7C-ACA5-050CB4BEC7E2}.Debug|Any CPU.Build.0 = Debug|Any CPU
		{CFFCF53A-4AC3-4B7C-ACA5-050CB4BEC7E2}.Release|Any CPU.ActiveCfg = Release|Any CPU
		{CFFCF53A-4AC3-4B7C-ACA5-050CB4BEC7E2}.Release|Any CPU.Build.0 = Release|Any CPU
	EndGlobalSection
	GlobalSection(SolutionProperties) = preSolution
		HideSolutionNode = FALSE
	EndGlobalSection
	GlobalSection(ExtensibilityGlobals) = postSolution
		SolutionGuid = {248D6744-CC3A-4B89-8363-0A3C5A51CD77}
	EndGlobalSection
EndGlobal
